// !$*UTF8*$!
{
	archiveVersion = 1;
	classes = {
	};
	objectVersion = 50;
	objects = {

/* Begin PBXBuildFile section */
		B53423AB235A2B8A000D8343 /* AppDelegate.swift in Sources */ = {isa = PBXBuildFile; fileRef = B53423AA235A2B8A000D8343 /* AppDelegate.swift */; };
		B53423AD235A2B8A000D8343 /* SceneDelegate.swift in Sources */ = {isa = PBXBuildFile; fileRef = B53423AC235A2B8A000D8343 /* SceneDelegate.swift */; };
		B53423AF235A2B8A000D8343 /* AnimalClassVC.swift in Sources */ = {isa = PBXBuildFile; fileRef = B53423AE235A2B8A000D8343 /* AnimalClassVC.swift */; };
		B53423B2235A2B8A000D8343 /* Main.storyboard in Resources */ = {isa = PBXBuildFile; fileRef = B53423B0235A2B8A000D8343 /* Main.storyboard */; };
		B53423B4235A2B8C000D8343 /* Assets.xcassets in Resources */ = {isa = PBXBuildFile; fileRef = B53423B3235A2B8C000D8343 /* Assets.xcassets */; };
		B53423B7235A2B8C000D8343 /* LaunchScreen.storyboard in Resources */ = {isa = PBXBuildFile; fileRef = B53423B5235A2B8C000D8343 /* LaunchScreen.storyboard */; };
		B53423BF235A2EF4000D8343 /* RoundedVisualEffect.swift in Sources */ = {isa = PBXBuildFile; fileRef = B53423BE235A2EF4000D8343 /* RoundedVisualEffect.swift */; };
/* End PBXBuildFile section */

/* Begin PBXFileReference section */
		B53423A7235A2B8A000D8343 /* AnimalClassifierApp.app */ = {isa = PBXFileReference; explicitFileType = wrapper.application; includeInIndex = 0; path = AnimalClassifierApp.app; sourceTree = BUILT_PRODUCTS_DIR; };
		B53423AA235A2B8A000D8343 /* AppDelegate.swift */ = {isa = PBXFileReference; lastKnownFileType = sourcecode.swift; path = AppDelegate.swift; sourceTree = "<group>"; };
		B53423AC235A2B8A000D8343 /* SceneDelegate.swift */ = {isa = PBXFileReference; lastKnownFileType = sourcecode.swift; path = SceneDelegate.swift; sourceTree = "<group>"; };
		B53423AE235A2B8A000D8343 /* AnimalClassVC.swift */ = {isa = PBXFileReference; lastKnownFileType = sourcecode.swift; path = AnimalClassVC.swift; sourceTree = "<group>"; };
		B53423B1235A2B8A000D8343 /* Base */ = {isa = PBXFileReference; lastKnownFileType = file.storyboard; name = Base; path = Base.lproj/Main.storyboard; sourceTree = "<group>"; };
		B53423B3235A2B8C000D8343 /* Assets.xcassets */ = {isa = PBXFileReference; lastKnownFileType = folder.assetcatalog; path = Assets.xcassets; sourceTree = "<group>"; };
		B53423B6235A2B8C000D8343 /* Base */ = {isa = PBXFileReference; lastKnownFileType = file.storyboard; name = Base; path = Base.lproj/LaunchScreen.storyboard; sourceTree = "<group>"; };
		B53423B8235A2B8C000D8343 /* Info.plist */ = {isa = PBXFileReference; lastKnownFileType = text.plist.xml; path = Info.plist; sourceTree = "<group>"; };
		B53423BE235A2EF4000D8343 /* RoundedVisualEffect.swift */ = {isa = PBXFileReference; lastKnownFileType = sourcecode.swift; path = RoundedVisualEffect.swift; sourceTree = "<group>"; };
/* End PBXFileReference section */

/* Begin PBXFrameworksBuildPhase section */
		B53423A4235A2B8A000D8343 /* Frameworks */ = {
			isa = PBXFrameworksBuildPhase;
			buildActionMask = 2147483647;
			files = (
			);
			runOnlyForDeploymentPostprocessing = 0;
		};
/* End PBXFrameworksBuildPhase section */

/* Begin PBXGroup section */
		B534239E235A2B8A000D8343 = {
			isa = PBXGroup;
			children = (
				B53423A9235A2B8A000D8343 /* AnimalClassifierApp */,
				B53423A8235A2B8A000D8343 /* Products */,
			);
			sourceTree = "<group>";
		};
		B53423A8235A2B8A000D8343 /* Products */ = {
			isa = PBXGroup;
			children = (
				B53423A7235A2B8A000D8343 /* AnimalClassifierApp.app */,
			);
			name = Products;
			sourceTree = "<group>";
		};
		B53423A9235A2B8A000D8343 /* AnimalClassifierApp */ = {
			isa = PBXGroup;
			children = (
				B53423AA235A2B8A000D8343 /* AppDelegate.swift */,
				B53423AC235A2B8A000D8343 /* SceneDelegate.swift */,
				B53423AE235A2B8A000D8343 /* AnimalClassVC.swift */,
				B53423B0235A2B8A000D8343 /* Main.storyboard */,
				B53423B3235A2B8C000D8343 /* Assets.xcassets */,
				B53423B5235A2B8C000D8343 /* LaunchScreen.storyboard */,
				B53423B8235A2B8C000D8343 /* Info.plist */,
				B53423BE235A2EF4000D8343 /* RoundedVisualEffect.swift */,
			);
			path = AnimalClassifierApp;
			sourceTree = "<group>";
		};
/* End PBXGroup section */

/* Begin PBXNativeTarget section */
		B53423A6235A2B8A000D8343 /* AnimalClassifierApp */ = {
			isa = PBXNativeTarget;
			buildConfigurationList = B53423BB235A2B8C000D8343 /* Build configuration list for PBXNativeTarget "AnimalClassifierApp" */;
			buildPhases = (
				B53423A3235A2B8A000D8343 /* Sources */,
				B53423A4235A2B8A000D8343 /* Frameworks */,
				B53423A5235A2B8A000D8343 /* Resources */,
			);
			buildRules = (
			);
			dependencies = (
			);
			name = AnimalClassifierApp;
			productName = AnimalClassifierApp;
			productReference = B53423A7235A2B8A000D8343 /* AnimalClassifierApp.app */;
			productType = "com.apple.product-type.application";
		};
/* End PBXNativeTarget section */

/* Begin PBXProject section */
		B534239F235A2B8A000D8343 /* Project object */ = {
			isa = PBXProject;
			attributes = {
				LastSwiftUpdateCheck = 1110;
				LastUpgradeCheck = 1110;
				ORGANIZATIONNAME = "Denis Rakitin";
				TargetAttributes = {
					B53423A6235A2B8A000D8343 = {
						CreatedOnToolsVersion = 11.1;
					};
				};
			};
			buildConfigurationList = B53423A2235A2B8A000D8343 /* Build configuration list for PBXProject "AnimalClassifierApp" */;
			compatibilityVersion = "Xcode 9.3";
			developmentRegion = en;
			hasScannedForEncodings = 0;
			knownRegions = (
				en,
				Base,
			);
			mainGroup = B534239E235A2B8A000D8343;
			productRefGroup = B53423A8235A2B8A000D8343 /* Products */;
			projectDirPath = "";
			projectRoot = "";
			targets = (
				B53423A6235A2B8A000D8343 /* AnimalClassifierApp */,
			);
		};
/* End PBXProject section */

/* Begin PBXResourcesBuildPhase section */
		B53423A5235A2B8A000D8343 /* Resources */ = {
			isa = PBXResourcesBuildPhase;
			buildActionMask = 2147483647;
			files = (
				B53423B7235A2B8C000D8343 /* LaunchScreen.storyboard in Resources */,
				B53423B4235A2B8C000D8343 /* Assets.xcassets in Resources */,
				B53423B2235A2B8A000D8343 /* Main.storyboard in Resources */,
			);
			runOnlyForDeploymentPostprocessing = 0;
		};
/* End PBXResourcesBuildPhase section */

/* Begin PBXSourcesBuildPhase section */
		B53423A3235A2B8A000D8343 /* Sources */ = {
			isa = PBXSourcesBuildPhase;
			buildActionMask = 2147483647;
			files = (
				B53423AF235A2B8A000D8343 /* AnimalClassVC.swift in Sources */,
				B53423AB235A2B8A000D8343 /* AppDelegate.swift in Sources */,
				B53423BF235A2EF4000D8343 /* RoundedVisualEffect.swift in Sources */,
				B53423AD235A2B8A000D8343 /* SceneDelegate.swift in Sources */,
			);
			runOnlyForDeploymentPostprocessing = 0;
		};
/* End PBXSourcesBuildPhase section */

/* Begin PBXVariantGroup section */
		B53423B0235A2B8A000D8343 /* Main.storyboard */ = {
			isa = PBXVariantGroup;
			children = (
				B53423B1235A2B8A000D8343 /* Base */,
			);
			name = Main.storyboard;
			sourceTree = "<group>";
		};
		B53423B5235A2B8C000D8343 /* LaunchScreen.storyboard */ = {
			isa = PBXVariantGroup;
			children = (
				B53423B6235A2B8C000D8343 /* Base */,
			);
			name = LaunchScreen.storyboard;
			sourceTree = "<group>";
		};
/* End PBXVariantGroup section */

/* Begin XCBuildConfiguration section */
		B53423B9235A2B8C000D8343 /* Debug */ = {
			isa = XCBuildConfiguration;
			buildSettings = {
				ALWAYS_SEARCH_USER_PATHS = NO;
				CLANG_ANALYZER_NONNULL = YES;
				CLANG_ANALYZER_NUMBER_OBJECT_CONVERSION = YES_AGGRESSIVE;
				CLANG_CXX_LANGUAGE_STANDARD = "gnu++14";
				CLANG_CXX_LIBRARY = "libc++";
				CLANG_ENABLE_MODULES = YES;
				CLANG_ENABLE_OBJC_ARC = YES;
				CLANG_ENABLE_OBJC_WEAK = YES;
				CLANG_WARN_BLOCK_CAPTURE_AUTORELEASING = YES;
				CLANG_WARN_BOOL_CONVERSION = YES;
				CLANG_WARN_COMMA = YES;
				CLANG_WARN_CONSTANT_CONVERSION = YES;
				CLANG_WARN_DEPRECATED_OBJC_IMPLEMENTATIONS = YES;
				CLANG_WARN_DIRECT_OBJC_ISA_USAGE = YES_ERROR;
				CLANG_WARN_DOCUMENTATION_COMMENTS = YES;
				CLANG_WARN_EMPTY_BODY = YES;
				CLANG_WARN_ENUM_CONVERSION = YES;
				CLANG_WARN_INFINITE_RECURSION = YES;
				CLANG_WARN_INT_CONVERSION = YES;
				CLANG_WARN_NON_LITERAL_NULL_CONVERSION = YES;
				CLANG_WARN_OBJC_IMPLICIT_RETAIN_SELF = YES;
				CLANG_WARN_OBJC_LITERAL_CONVERSION = YES;
				CLANG_WARN_OBJC_ROOT_CLASS = YES_ERROR;
				CLANG_WARN_RANGE_LOOP_ANALYSIS = YES;
				CLANG_WARN_STRICT_PROTOTYPES = YES;
				CLANG_WARN_SUSPICIOUS_MOVE = YES;
				CLANG_WARN_UNGUARDED_AVAILABILITY = YES_AGGRESSIVE;
				CLANG_WARN_UNREACHABLE_CODE = YES;
				CLANG_WARN__DUPLICATE_METHOD_MATCH = YES;
				COPY_PHASE_STRIP = NO;
				DEBUG_INFORMATION_FORMAT = dwarf;
				ENABLE_STRICT_OBJC_MSGSEND = YES;
				ENABLE_TESTABILITY = YES;
				GCC_C_LANGUAGE_STANDARD = gnu11;
				GCC_DYNAMIC_NO_PIC = NO;
				GCC_NO_COMMON_BLOCKS = YES;
				GCC_OPTIMIZATION_LEVEL = 0;
				GCC_PREPROCESSOR_DEFINITIONS = (
					"DEBUG=1",
					"$(inherited)",
				);
				GCC_WARN_64_TO_32_BIT_CONVERSION = YES;
				GCC_WARN_ABOUT_RETURN_TYPE = YES_ERROR;
				GCC_WARN_UNDECLARED_SELECTOR = YES;
				GCC_WARN_UNINITIALIZED_AUTOS = YES_AGGRESSIVE;
				GCC_WARN_UNUSED_FUNCTION = YES;
				GCC_WARN_UNUSED_VARIABLE = YES;
				IPHONEOS_DEPLOYMENT_TARGET = 13.1;
				MTL_ENABLE_DEBUG_INFO = INCLUDE_SOURCE;
				MTL_FAST_MATH = YES;
				ONLY_ACTIVE_ARCH = YES;
				SDKROOT = iphoneos;
				SWIFT_ACTIVE_COMPILATION_CONDITIONS = DEBUG;
				SWIFT_OPTIMIZATION_LEVEL = "-Onone";
			};
			name = Debug;
		};
		B53423BA235A2B8C000D8343 /* Release */ = {
			isa = XCBuildConfiguration;
			buildSettings = {
				ALWAYS_SEARCH_USER_PATHS = NO;
				CLANG_ANALYZER_NONNULL = YES;
				CLANG_ANALYZER_NUMBER_OBJECT_CONVERSION = YES_AGGRESSIVE;
				CLANG_CXX_LANGUAGE_STANDARD = "gnu++14";
				CLANG_CXX_LIBRARY = "libc++";
				CLANG_ENABLE_MODULES = YES;
				CLANG_ENABLE_OBJC_ARC = YES;
				CLANG_ENABLE_OBJC_WEAK = YES;
				CLANG_WARN_BLOCK_CAPTURE_AUTORELEASING = YES;
				CLANG_WARN_BOOL_CONVERSION = YES;
				CLANG_WARN_COMMA = YES;
				CLANG_WARN_CONSTANT_CONVERSION = YES;
				CLANG_WARN_DEPRECATED_OBJC_IMPLEMENTATIONS = YES;
				CLANG_WARN_DIRECT_OBJC_ISA_USAGE = YES_ERROR;
				CLANG_WARN_DOCUMENTATION_COMMENTS = YES;
				CLANG_WARN_EMPTY_BODY = YES;
				CLANG_WARN_ENUM_CONVERSION = YES;
				CLANG_WARN_INFINITE_RECURSION = YES;
				CLANG_WARN_INT_CONVERSION = YES;
				CLANG_WARN_NON_LITERAL_NULL_CONVERSION = YES;
				CLANG_WARN_OBJC_IMPLICIT_RETAIN_SELF = YES;
				CLANG_WARN_OBJC_LITERAL_CONVERSION = YES;
				CLANG_WARN_OBJC_ROOT_CLASS = YES_ERROR;
				CLANG_WARN_RANGE_LOOP_ANALYSIS = YES;
				CLANG_WARN_STRICT_PROTOTYPES = YES;
				CLANG_WARN_SUSPICIOUS_MOVE = YES;
				CLANG_WARN_UNGUARDED_AVAILABILITY = YES_AGGRESSIVE;
				CLANG_WARN_UNREACHABLE_CODE = YES;
				CLANG_WARN__DUPLICATE_METHOD_MATCH = YES;
				COPY_PHASE_STRIP = NO;
				DEBUG_INFORMATION_FORMAT = "dwarf-with-dsym";
				ENABLE_NS_ASSERTIONS = NO;
				ENABLE_STRICT_OBJC_MSGSEND = YES;
				GCC_C_LANGUAGE_STANDARD = gnu11;
				GCC_NO_COMMON_BLOCKS = YES;
				GCC_WARN_64_TO_32_BIT_CONVERSION = YES;
				GCC_WARN_ABOUT_RETURN_TYPE = YES_ERROR;
				GCC_WARN_UNDECLARED_SELECTOR = YES;
				GCC_WARN_UNINITIALIZED_AUTOS = YES_AGGRESSIVE;
				GCC_WARN_UNUSED_FUNCTION = YES;
				GCC_WARN_UNUSED_VARIABLE = YES;
				IPHONEOS_DEPLOYMENT_TARGET = 13.1;
				MTL_ENABLE_DEBUG_INFO = NO;
				MTL_FAST_MATH = YES;
				SDKROOT = iphoneos;
				SWIFT_COMPILATION_MODE = wholemodule;
				SWIFT_OPTIMIZATION_LEVEL = "-O";
				VALIDATE_PRODUCT = YES;
			};
			name = Release;
		};
		B53423BC235A2B8C000D8343 /* Debug */ = {
			isa = XCBuildConfiguration;
			buildSettings = {
				ASSETCATALOG_COMPILER_APPICON_NAME = AppIcon;
				CODE_SIGN_STYLE = Automatic;
				DEVELOPMENT_TEAM = 83G4KB5W5L;
				INFOPLIST_FILE = AnimalClassifierApp/Info.plist;
				IPHONEOS_DEPLOYMENT_TARGET = 12.4;
				LD_RUNPATH_SEARCH_PATHS = (
					"$(inherited)",
					"@executable_path/Frameworks",
				);
				PRODUCT_BUNDLE_IDENTIFIER = "funny-farm.AnimalClassifierApp";
				PRODUCT_NAME = "$(TARGET_NAME)";
				SWIFT_VERSION = 5.0;
				TARGETED_DEVICE_FAMILY = "1,2";
			};
			name = Debug;
		};
		B53423BD235A2B8C000D8343 /* Release */ = {
			isa = XCBuildConfiguration;
			buildSettings = {
				ASSETCATALOG_COMPILER_APPICON_NAME = AppIcon;
				CODE_SIGN_STYLE = Automatic;
				DEVELOPMENT_TEAM = 83G4KB5W5L;
				INFOPLIST_FILE = AnimalClassifierApp/Info.plist;
				IPHONEOS_DEPLOYMENT_TARGET = 12.4;
				LD_RUNPATH_SEARCH_PATHS = (
					"$(inherited)",
					"@executable_path/Frameworks",
				);
				PRODUCT_BUNDLE_IDENTIFIER = "funny-farm.AnimalClassifierApp";
				PRODUCT_NAME = "$(TARGET_NAME)";
				SWIFT_VERSION = 5.0;
				TARGETED_DEVICE_FAMILY = "1,2";
			};
			name = Release;
		};
/* End XCBuildConfiguration section */

/* Begin XCConfigurationList section */
		B53423A2235A2B8A000D8343 /* Build configuration list for PBXProject "AnimalClassifierApp" */ = {
			isa = XCConfigurationList;
			buildConfigurations = (
				B53423B9235A2B8C000D8343 /* Debug */,
				B53423BA235A2B8C000D8343 /* Release */,
			);
			defaultConfigurationIsVisible = 0;
			defaultConfigurationName = Release;
		};
		B53423BB235A2B8C000D8343 /* Build configuration list for PBXNativeTarget "AnimalClassifierApp" */ = {
			isa = XCConfigurationList;
			buildConfigurations = (
				B53423BC235A2B8C000D8343 /* Debug */,
				B53423BD235A2B8C000D8343 /* Release */,
			);
			defaultConfigurationIsVisible = 0;
			defaultConfigurationName = Release;
		};
/* End XCConfigurationList section */
	};
	rootObject = B534239F235A2B8A000D8343 /* Project object */;
}
